# This file is automatically @generated by Cargo.
# It is not intended for manual editing.
version = 3

[[package]]
name = "variable-len-reader"
version = "0.3.2"
dependencies = [
 "varint-rs",
]

[[package]]
name = "varint-rs"
version = "2.2.0"
source = "registry+https://github.com/rust-lang/crates.io-index"
checksum = "8f54a172d0620933a27a4360d3db3e2ae0dd6cceae9730751a036bbf182c4b23"
